
Microsoft Visual Studio Solution File, Format Version 12.00
# Visual Studio Version 17
VisualStudioVersion = 17.8.34330.188
MinimumVisualStudioVersion = 10.0.40219.1
Project("{FAE04EC0-301F-11D3-BF4B-00C04F79EFBC}") = "HttpProxy GUI", "HttpProxy GUI.csproj", "{119FA28A-7CAB-475B-A44B-7EECEAED933B}"
EndProject
Global
	GlobalSection(SolutionConfigurationPlatforms) = preSolution
		Debug|Any CPU = Debug|Any CPU
		Release|Any CPU = Release|Any CPU
	EndGlobalSection
	GlobalSection(ProjectConfigurationPlatforms) = postSolution
		{119FA28A-7CAB-475B-A44B-7EECEAED933B}.Debug|Any CPU.ActiveCfg = Debug|Any CPU
		{119FA28A-7CAB-475B-A44B-7EECEAED933B}.Debug|Any CPU.Build.0 = Debug|Any CPU
		{119FA28A-7CAB-475B-A44B-7EECEAED933B}.Release|Any CPU.ActiveCfg = Release|Any CPU
		{119FA28A-7CAB-475B-A44B-7EECEAED933B}.Release|Any CPU.Build.0 = Release|Any CPU
	EndGlobalSection
	GlobalSection(SolutionProperties) = preSolution
		HideSolutionNode = FALSE
	EndGlobalSection
	GlobalSection(ExtensibilityGlobals) = postSolution
		SolutionGuid = {9201C43F-F5D9-4EB7-83C3-58128899C8EC}
	EndGlobalSection
EndGlobal
